// !$*UTF8*$!
{
	archiveVersion = 1;
	classes = {
	};
	objectVersion = 46;
	objects = {

/* Begin PBXBuildFile section */
		2F11D18117EA132900B290C6 /* Foundation.framework in Frameworks */ = {isa = PBXBuildFile; fileRef = 2F11D18017EA132900B290C6 /* Foundation.framework */; };
		2F11D18317EA132900B290C6 /* CoreGraphics.framework in Frameworks */ = {isa = PBXBuildFile; fileRef = 2F11D18217EA132900B290C6 /* CoreGraphics.framework */; };
		2F11D18517EA132900B290C6 /* UIKit.framework in Frameworks */ = {isa = PBXBuildFile; fileRef = 2F11D18417EA132900B290C6 /* UIKit.framework */; };
		2F11D18717EA132900B290C6 /* CoreData.framework in Frameworks */ = {isa = PBXBuildFile; fileRef = 2F11D18617EA132900B290C6 /* CoreData.framework */; };
		2F11D18D17EA132900B290C6 /* InfoPlist.strings in Resources */ = {isa = PBXBuildFile; fileRef = 2F11D18B17EA132900B290C6 /* InfoPlist.strings */; };
		2F11D18F17EA132900B290C6 /* main.m in Sources */ = {isa = PBXBuildFile; fileRef = 2F11D18E17EA132900B290C6 /* main.m */; };
		2F11D19317EA132900B290C6 /* AppDelegate.m in Sources */ = {isa = PBXBuildFile; fileRef = 2F11D19217EA132900B290C6 /* AppDelegate.m */; };
		2F11D19617EA132900B290C6 /* ClicCreate.xcdatamodeld in Sources */ = {isa = PBXBuildFile; fileRef = 2F11D19417EA132900B290C6 /* ClicCreate.xcdatamodeld */; };
		2F11D19817EA132900B290C6 /* Images.xcassets in Resources */ = {isa = PBXBuildFile; fileRef = 2F11D19717EA132900B290C6 /* Images.xcassets */; };
		2F11D19F17EA132900B290C6 /* XCTest.framework in Frameworks */ = {isa = PBXBuildFile; fileRef = 2F11D19E17EA132900B290C6 /* XCTest.framework */; };
		2F11D1A017EA132900B290C6 /* Foundation.framework in Frameworks */ = {isa = PBXBuildFile; fileRef = 2F11D18017EA132900B290C6 /* Foundation.framework */; };
		2F11D1A117EA132900B290C6 /* UIKit.framework in Frameworks */ = {isa = PBXBuildFile; fileRef = 2F11D18417EA132900B290C6 /* UIKit.framework */; };
		2F11D1A217EA132900B290C6 /* CoreData.framework in Frameworks */ = {isa = PBXBuildFile; fileRef = 2F11D18617EA132900B290C6 /* CoreData.framework */; };
		2F11D1AA17EA132900B290C6 /* InfoPlist.strings in Resources */ = {isa = PBXBuildFile; fileRef = 2F11D1A817EA132900B290C6 /* InfoPlist.strings */; };
		2F11D1AC17EA132900B290C6 /* ClicCreateTests.m in Sources */ = {isa = PBXBuildFile; fileRef = 2F11D1AB17EA132900B290C6 /* ClicCreateTests.m */; };
		2F4EEC0E17EE079B002F39A9 /* ProjectSettings.m in Sources */ = {isa = PBXBuildFile; fileRef = 2F4EEC0D17EE079B002F39A9 /* ProjectSettings.m */; };
		2F4EEC1117EE07AC002F39A9 /* ActivitySequence.m in Sources */ = {isa = PBXBuildFile; fileRef = 2F4EEC1017EE07AC002F39A9 /* ActivitySequence.m */; };
		2F4EEC1617EE085C002F39A9 /* _Project.m in Sources */ = {isa = PBXBuildFile; fileRef = 2F4EEC1317EE085C002F39A9 /* _Project.m */; };
		2F4EEC1717EE085C002F39A9 /* Project.m in Sources */ = {isa = PBXBuildFile; fileRef = 2F4EEC1517EE085C002F39A9 /* Project.m */; };
		D6766DA85EC546119626B316 /* libPods.a in Frameworks */ = {isa = PBXBuildFile; fileRef = 1D96217F78E043E38E6EF11E /* libPods.a */; };
/* End PBXBuildFile section */

/* Begin PBXContainerItemProxy section */
		2F11D1A317EA132900B290C6 /* PBXContainerItemProxy */ = {
			isa = PBXContainerItemProxy;
			containerPortal = 2F11D17517EA132900B290C6 /* Project object */;
			proxyType = 1;
			remoteGlobalIDString = 2F11D17C17EA132900B290C6;
			remoteInfo = ClicCreate;
		};
/* End PBXContainerItemProxy section */

/* Begin PBXFileReference section */
		1D96217F78E043E38E6EF11E /* libPods.a */ = {isa = PBXFileReference; explicitFileType = archive.ar; includeInIndex = 0; path = libPods.a; sourceTree = BUILT_PRODUCTS_DIR; };
		2F11D17D17EA132900B290C6 /* ClicCreate.app */ = {isa = PBXFileReference; explicitFileType = wrapper.application; includeInIndex = 0; path = ClicCreate.app; sourceTree = BUILT_PRODUCTS_DIR; };
		2F11D18017EA132900B290C6 /* Foundation.framework */ = {isa = PBXFileReference; lastKnownFileType = wrapper.framework; name = Foundation.framework; path = System/Library/Frameworks/Foundation.framework; sourceTree = SDKROOT; };
		2F11D18217EA132900B290C6 /* CoreGraphics.framework */ = {isa = PBXFileReference; lastKnownFileType = wrapper.framework; name = CoreGraphics.framework; path = System/Library/Frameworks/CoreGraphics.framework; sourceTree = SDKROOT; };
		2F11D18417EA132900B290C6 /* UIKit.framework */ = {isa = PBXFileReference; lastKnownFileType = wrapper.framework; name = UIKit.framework; path = System/Library/Frameworks/UIKit.framework; sourceTree = SDKROOT; };
		2F11D18617EA132900B290C6 /* CoreData.framework */ = {isa = PBXFileReference; lastKnownFileType = wrapper.framework; name = CoreData.framework; path = System/Library/Frameworks/CoreData.framework; sourceTree = SDKROOT; };
		2F11D18A17EA132900B290C6 /* ClicCreate-Info.plist */ = {isa = PBXFileReference; lastKnownFileType = text.plist.xml; path = "ClicCreate-Info.plist"; sourceTree = "<group>"; };
		2F11D18C17EA132900B290C6 /* en */ = {isa = PBXFileReference; lastKnownFileType = text.plist.strings; name = en; path = en.lproj/InfoPlist.strings; sourceTree = "<group>"; };
		2F11D18E17EA132900B290C6 /* main.m */ = {isa = PBXFileReference; lastKnownFileType = sourcecode.c.objc; path = main.m; sourceTree = "<group>"; };
		2F11D19017EA132900B290C6 /* ClicCreate-Prefix.pch */ = {isa = PBXFileReference; lastKnownFileType = sourcecode.c.h; path = "ClicCreate-Prefix.pch"; sourceTree = "<group>"; };
		2F11D19117EA132900B290C6 /* AppDelegate.h */ = {isa = PBXFileReference; lastKnownFileType = sourcecode.c.h; path = AppDelegate.h; sourceTree = "<group>"; };
		2F11D19217EA132900B290C6 /* AppDelegate.m */ = {isa = PBXFileReference; lastKnownFileType = sourcecode.c.objc; path = AppDelegate.m; sourceTree = "<group>"; };
		2F11D19517EA132900B290C6 /* ClicCreate.xcdatamodel */ = {isa = PBXFileReference; lastKnownFileType = wrapper.xcdatamodel; path = ClicCreate.xcdatamodel; sourceTree = "<group>"; };
		2F11D19717EA132900B290C6 /* Images.xcassets */ = {isa = PBXFileReference; lastKnownFileType = folder.assetcatalog; path = Images.xcassets; sourceTree = "<group>"; };
		2F11D19D17EA132900B290C6 /* ClicCreateTests.xctest */ = {isa = PBXFileReference; explicitFileType = wrapper.cfbundle; includeInIndex = 0; path = ClicCreateTests.xctest; sourceTree = BUILT_PRODUCTS_DIR; };
		2F11D19E17EA132900B290C6 /* XCTest.framework */ = {isa = PBXFileReference; lastKnownFileType = wrapper.framework; name = XCTest.framework; path = Library/Frameworks/XCTest.framework; sourceTree = DEVELOPER_DIR; };
		2F11D1A717EA132900B290C6 /* ClicCreateTests-Info.plist */ = {isa = PBXFileReference; lastKnownFileType = text.plist.xml; path = "ClicCreateTests-Info.plist"; sourceTree = "<group>"; };
		2F11D1A917EA132900B290C6 /* en */ = {isa = PBXFileReference; lastKnownFileType = text.plist.strings; name = en; path = en.lproj/InfoPlist.strings; sourceTree = "<group>"; };
		2F11D1AB17EA132900B290C6 /* ClicCreateTests.m */ = {isa = PBXFileReference; lastKnownFileType = sourcecode.c.objc; path = ClicCreateTests.m; sourceTree = "<group>"; };
		2F4EEC0C17EE079B002F39A9 /* ProjectSettings.h */ = {isa = PBXFileReference; fileEncoding = 4; lastKnownFileType = sourcecode.c.h; name = ProjectSettings.h; path = Classes/Models/ProjectSettings.h; sourceTree = "<group>"; };
		2F4EEC0D17EE079B002F39A9 /* ProjectSettings.m */ = {isa = PBXFileReference; fileEncoding = 4; lastKnownFileType = sourcecode.c.objc; name = ProjectSettings.m; path = Classes/Models/ProjectSettings.m; sourceTree = "<group>"; };
		2F4EEC0F17EE07AC002F39A9 /* ActivitySequence.h */ = {isa = PBXFileReference; fileEncoding = 4; lastKnownFileType = sourcecode.c.h; name = ActivitySequence.h; path = Classes/Models/ActivitySequence.h; sourceTree = "<group>"; };
		2F4EEC1017EE07AC002F39A9 /* ActivitySequence.m */ = {isa = PBXFileReference; fileEncoding = 4; lastKnownFileType = sourcecode.c.objc; name = ActivitySequence.m; path = Classes/Models/ActivitySequence.m; sourceTree = "<group>"; };
		2F4EEC1217EE085C002F39A9 /* _Project.h */ = {isa = PBXFileReference; fileEncoding = 4; lastKnownFileType = sourcecode.c.h; name = _Project.h; path = Classes/Models/_Project.h; sourceTree = "<group>"; };
		2F4EEC1317EE085C002F39A9 /* _Project.m */ = {isa = PBXFileReference; fileEncoding = 4; lastKnownFileType = sourcecode.c.objc; name = _Project.m; path = Classes/Models/_Project.m; sourceTree = "<group>"; };
		2F4EEC1417EE085C002F39A9 /* Project.h */ = {isa = PBXFileReference; fileEncoding = 4; lastKnownFileType = sourcecode.c.h; name = Project.h; path = Classes/Models/Project.h; sourceTree = "<group>"; };
		2F4EEC1517EE085C002F39A9 /* Project.m */ = {isa = PBXFileReference; fileEncoding = 4; lastKnownFileType = sourcecode.c.objc; name = Project.m; path = Classes/Models/Project.m; sourceTree = "<group>"; };
		4A5A18C8E1F74692ABED9401 /* Pods.xcconfig */ = {isa = PBXFileReference; includeInIndex = 1; lastKnownFileType = text.xcconfig; name = Pods.xcconfig; path = Pods/Pods.xcconfig; sourceTree = SOURCE_ROOT; };
/* End PBXFileReference section */

/* Begin PBXFrameworksBuildPhase section */
		2F11D17A17EA132900B290C6 /* Frameworks */ = {
			isa = PBXFrameworksBuildPhase;
			buildActionMask = 2147483647;
			files = (
				2F11D18317EA132900B290C6 /* CoreGraphics.framework in Frameworks */,
				2F11D18717EA132900B290C6 /* CoreData.framework in Frameworks */,
				2F11D18517EA132900B290C6 /* UIKit.framework in Frameworks */,
				2F11D18117EA132900B290C6 /* Foundation.framework in Frameworks */,
				D6766DA85EC546119626B316 /* libPods.a in Frameworks */,
			);
			runOnlyForDeploymentPostprocessing = 0;
		};
		2F11D19A17EA132900B290C6 /* Frameworks */ = {
			isa = PBXFrameworksBuildPhase;
			buildActionMask = 2147483647;
			files = (
				2F11D19F17EA132900B290C6 /* XCTest.framework in Frameworks */,
				2F11D1A217EA132900B290C6 /* CoreData.framework in Frameworks */,
				2F11D1A117EA132900B290C6 /* UIKit.framework in Frameworks */,
				2F11D1A017EA132900B290C6 /* Foundation.framework in Frameworks */,
			);
			runOnlyForDeploymentPostprocessing = 0;
		};
/* End PBXFrameworksBuildPhase section */

/* Begin PBXGroup section */
		2F11D17417EA132900B290C6 = {
			isa = PBXGroup;
			children = (
				2F11D18817EA132900B290C6 /* ClicCreate */,
				2F11D1A517EA132900B290C6 /* ClicCreateTests */,
				2F11D17F17EA132900B290C6 /* Frameworks */,
				2F11D17E17EA132900B290C6 /* Products */,
				4A5A18C8E1F74692ABED9401 /* Pods.xcconfig */,
			);
			sourceTree = "<group>";
		};
		2F11D17E17EA132900B290C6 /* Products */ = {
			isa = PBXGroup;
			children = (
				2F11D17D17EA132900B290C6 /* ClicCreate.app */,
				2F11D19D17EA132900B290C6 /* ClicCreateTests.xctest */,
			);
			name = Products;
			sourceTree = "<group>";
		};
		2F11D17F17EA132900B290C6 /* Frameworks */ = {
			isa = PBXGroup;
			children = (
				2F11D18017EA132900B290C6 /* Foundation.framework */,
				2F11D18217EA132900B290C6 /* CoreGraphics.framework */,
				2F11D18417EA132900B290C6 /* UIKit.framework */,
				2F11D18617EA132900B290C6 /* CoreData.framework */,
				2F11D19E17EA132900B290C6 /* XCTest.framework */,
				1D96217F78E043E38E6EF11E /* libPods.a */,
			);
			name = Frameworks;
			sourceTree = "<group>";
		};
		2F11D18817EA132900B290C6 /* ClicCreate */ = {
			isa = PBXGroup;
			children = (
				2F4EEC0A17EE075A002F39A9 /* Classes */,
				2F11D19117EA132900B290C6 /* AppDelegate.h */,
				2F11D19217EA132900B290C6 /* AppDelegate.m */,
				2F11D19717EA132900B290C6 /* Images.xcassets */,
				2F11D19417EA132900B290C6 /* ClicCreate.xcdatamodeld */,
				2F11D18917EA132900B290C6 /* Supporting Files */,
			);
			path = ClicCreate;
			sourceTree = "<group>";
		};
		2F11D18917EA132900B290C6 /* Supporting Files */ = {
			isa = PBXGroup;
			children = (
				2F11D18A17EA132900B290C6 /* ClicCreate-Info.plist */,
				2F11D18B17EA132900B290C6 /* InfoPlist.strings */,
				2F11D18E17EA132900B290C6 /* main.m */,
				2F11D19017EA132900B290C6 /* ClicCreate-Prefix.pch */,
			);
			name = "Supporting Files";
			sourceTree = "<group>";
		};
		2F11D1A517EA132900B290C6 /* ClicCreateTests */ = {
			isa = PBXGroup;
			children = (
				2F11D1AB17EA132900B290C6 /* ClicCreateTests.m */,
				2F11D1A617EA132900B290C6 /* Supporting Files */,
			);
			path = ClicCreateTests;
			sourceTree = "<group>";
		};
		2F11D1A617EA132900B290C6 /* Supporting Files */ = {
			isa = PBXGroup;
			children = (
				2F11D1A717EA132900B290C6 /* ClicCreateTests-Info.plist */,
				2F11D1A817EA132900B290C6 /* InfoPlist.strings */,
			);
			name = "Supporting Files";
			sourceTree = "<group>";
		};
		2F4EEC0A17EE075A002F39A9 /* Classes */ = {
			isa = PBXGroup;
			children = (
				2F4EEC0B17EE075F002F39A9 /* Models */,
			);
			name = Classes;
			sourceTree = "<group>";
		};
		2F4EEC0B17EE075F002F39A9 /* Models */ = {
			isa = PBXGroup;
			children = (
				2F4EEC1217EE085C002F39A9 /* _Project.h */,
				2F4EEC1317EE085C002F39A9 /* _Project.m */,
				2F4EEC1417EE085C002F39A9 /* Project.h */,
				2F4EEC1517EE085C002F39A9 /* Project.m */,
				2F4EEC0C17EE079B002F39A9 /* ProjectSettings.h */,
				2F4EEC0D17EE079B002F39A9 /* ProjectSettings.m */,
				2F4EEC0F17EE07AC002F39A9 /* ActivitySequence.h */,
				2F4EEC1017EE07AC002F39A9 /* ActivitySequence.m */,
			);
			name = Models;
			sourceTree = "<group>";
		};
/* End PBXGroup section */

/* Begin PBXNativeTarget section */
		2F11D17C17EA132900B290C6 /* ClicCreate */ = {
			isa = PBXNativeTarget;
			buildConfigurationList = 2F11D1AF17EA132900B290C6 /* Build configuration list for PBXNativeTarget "ClicCreate" */;
			buildPhases = (
				B7DA5BC3629640F18C8D43F9 /* Check Pods Manifest.lock */,
				2F11D17917EA132900B290C6 /* Sources */,
				2F11D17A17EA132900B290C6 /* Frameworks */,
				2F11D17B17EA132900B290C6 /* Resources */,
				B21B8FB7FE234D5B8DECB70A /* Copy Pods Resources */,
			);
			buildRules = (
			);
			dependencies = (
			);
			name = ClicCreate;
			productName = ClicCreate;
			productReference = 2F11D17D17EA132900B290C6 /* ClicCreate.app */;
			productType = "com.apple.product-type.application";
		};
		2F11D19C17EA132900B290C6 /* ClicCreateTests */ = {
			isa = PBXNativeTarget;
			buildConfigurationList = 2F11D1B217EA132900B290C6 /* Build configuration list for PBXNativeTarget "ClicCreateTests" */;
			buildPhases = (
				2F11D19917EA132900B290C6 /* Sources */,
				2F11D19A17EA132900B290C6 /* Frameworks */,
				2F11D19B17EA132900B290C6 /* Resources */,
			);
			buildRules = (
			);
			dependencies = (
				2F11D1A417EA132900B290C6 /* PBXTargetDependency */,
			);
			name = ClicCreateTests;
			productName = ClicCreateTests;
			productReference = 2F11D19D17EA132900B290C6 /* ClicCreateTests.xctest */;
			productType = "com.apple.product-type.bundle.unit-test";
		};
/* End PBXNativeTarget section */

/* Begin PBXProject section */
		2F11D17517EA132900B290C6 /* Project object */ = {
			isa = PBXProject;
			attributes = {
				CLASSPREFIX = "";
				LastUpgradeCheck = 0500;
				ORGANIZATIONNAME = "Lluís Gómez Hernando";
				TargetAttributes = {
					2F11D19C17EA132900B290C6 = {
						TestTargetID = 2F11D17C17EA132900B290C6;
					};
				};
			};
			buildConfigurationList = 2F11D17817EA132900B290C6 /* Build configuration list for PBXProject "ClicCreate" */;
			compatibilityVersion = "Xcode 3.2";
			developmentRegion = English;
			hasScannedForEncodings = 0;
			knownRegions = (
				en,
			);
			mainGroup = 2F11D17417EA132900B290C6;
			productRefGroup = 2F11D17E17EA132900B290C6 /* Products */;
			projectDirPath = "";
			projectRoot = "";
			targets = (
				2F11D17C17EA132900B290C6 /* ClicCreate */,
				2F11D19C17EA132900B290C6 /* ClicCreateTests */,
			);
		};
/* End PBXProject section */

/* Begin PBXResourcesBuildPhase section */
		2F11D17B17EA132900B290C6 /* Resources */ = {
			isa = PBXResourcesBuildPhase;
			buildActionMask = 2147483647;
			files = (
				2F11D18D17EA132900B290C6 /* InfoPlist.strings in Resources */,
				2F11D19817EA132900B290C6 /* Images.xcassets in Resources */,
			);
			runOnlyForDeploymentPostprocessing = 0;
		};
		2F11D19B17EA132900B290C6 /* Resources */ = {
			isa = PBXResourcesBuildPhase;
			buildActionMask = 2147483647;
			files = (
				2F11D1AA17EA132900B290C6 /* InfoPlist.strings in Resources */,
			);
			runOnlyForDeploymentPostprocessing = 0;
		};
/* End PBXResourcesBuildPhase section */

/* Begin PBXShellScriptBuildPhase section */
		B21B8FB7FE234D5B8DECB70A /* Copy Pods Resources */ = {
			isa = PBXShellScriptBuildPhase;
			buildActionMask = 2147483647;
			files = (
			);
			inputPaths = (
			);
			name = "Copy Pods Resources";
			outputPaths = (
			);
			runOnlyForDeploymentPostprocessing = 0;
			shellPath = /bin/sh;
			shellScript = "\"${SRCROOT}/Pods/Pods-resources.sh\"\n";
			showEnvVarsInLog = 0;
		};
		B7DA5BC3629640F18C8D43F9 /* Check Pods Manifest.lock */ = {
			isa = PBXShellScriptBuildPhase;
			buildActionMask = 2147483647;
			files = (
			);
			inputPaths = (
			);
			name = "Check Pods Manifest.lock";
			outputPaths = (
			);
			runOnlyForDeploymentPostprocessing = 0;
			shellPath = /bin/sh;
			shellScript = "diff \"${PODS_ROOT}/../Podfile.lock\" \"${PODS_ROOT}/Manifest.lock\" > /dev/null\nif [[ $? != 0 ]] ; then\n    cat << EOM\nerror: The sandbox is not in sync with the Podfile.lock. Run 'pod install' or update your CocoaPods installation.\nEOM\n    exit 1\nfi\n";
			showEnvVarsInLog = 0;
		};
/* End PBXShellScriptBuildPhase section */

/* Begin PBXSourcesBuildPhase section */
		2F11D17917EA132900B290C6 /* Sources */ = {
			isa = PBXSourcesBuildPhase;
			buildActionMask = 2147483647;
			files = (
				2F4EEC0E17EE079B002F39A9 /* ProjectSettings.m in Sources */,
				2F11D19317EA132900B290C6 /* AppDelegate.m in Sources */,
				2F4EEC1117EE07AC002F39A9 /* ActivitySequence.m in Sources */,
				2F11D19617EA132900B290C6 /* ClicCreate.xcdatamodeld in Sources */,
				2F11D18F17EA132900B290C6 /* main.m in Sources */,
				2F4EEC1717EE085C002F39A9 /* Project.m in Sources */,
				2F4EEC1617EE085C002F39A9 /* _Project.m in Sources */,
			);
			runOnlyForDeploymentPostprocessing = 0;
		};
		2F11D19917EA132900B290C6 /* Sources */ = {
			isa = PBXSourcesBuildPhase;
			buildActionMask = 2147483647;
			files = (
				2F11D1AC17EA132900B290C6 /* ClicCreateTests.m in Sources */,
			);
			runOnlyForDeploymentPostprocessing = 0;
		};
/* End PBXSourcesBuildPhase section */

/* Begin PBXTargetDependency section */
		2F11D1A417EA132900B290C6 /* PBXTargetDependency */ = {
			isa = PBXTargetDependency;
			target = 2F11D17C17EA132900B290C6 /* ClicCreate */;
			targetProxy = 2F11D1A317EA132900B290C6 /* PBXContainerItemProxy */;
		};
/* End PBXTargetDependency section */

/* Begin PBXVariantGroup section */
		2F11D18B17EA132900B290C6 /* InfoPlist.strings */ = {
			isa = PBXVariantGroup;
			children = (
				2F11D18C17EA132900B290C6 /* en */,
			);
			name = InfoPlist.strings;
			sourceTree = "<group>";
		};
		2F11D1A817EA132900B290C6 /* InfoPlist.strings */ = {
			isa = PBXVariantGroup;
			children = (
				2F11D1A917EA132900B290C6 /* en */,
			);
			name = InfoPlist.strings;
			sourceTree = "<group>";
		};
/* End PBXVariantGroup section */

/* Begin XCBuildConfiguration section */
		2F11D1AD17EA132900B290C6 /* Debug */ = {
			isa = XCBuildConfiguration;
			buildSettings = {
				ALWAYS_SEARCH_USER_PATHS = NO;
				ARCHS = "$(ARCHS_STANDARD_INCLUDING_64_BIT)";
				CLANG_CXX_LANGUAGE_STANDARD = "gnu++0x";
				CLANG_CXX_LIBRARY = "libc++";
				CLANG_ENABLE_MODULES = YES;
				CLANG_ENABLE_OBJC_ARC = YES;
				CLANG_WARN_BOOL_CONVERSION = YES;
				CLANG_WARN_CONSTANT_CONVERSION = YES;
				CLANG_WARN_DIRECT_OBJC_ISA_USAGE = YES_ERROR;
				CLANG_WARN_EMPTY_BODY = YES;
				CLANG_WARN_ENUM_CONVERSION = YES;
				CLANG_WARN_INT_CONVERSION = YES;
				CLANG_WARN_OBJC_ROOT_CLASS = YES_ERROR;
				CLANG_WARN__DUPLICATE_METHOD_MATCH = YES;
				"CODE_SIGN_IDENTITY[sdk=iphoneos*]" = "iPhone Developer";
				COPY_PHASE_STRIP = NO;
				GCC_C_LANGUAGE_STANDARD = gnu99;
				GCC_DYNAMIC_NO_PIC = NO;
				GCC_OPTIMIZATION_LEVEL = 0;
				GCC_PREPROCESSOR_DEFINITIONS = (
					"DEBUG=1",
					"$(inherited)",
				);
				GCC_SYMBOLS_PRIVATE_EXTERN = NO;
				GCC_WARN_64_TO_32_BIT_CONVERSION = YES;
				GCC_WARN_ABOUT_RETURN_TYPE = YES_ERROR;
				GCC_WARN_UNDECLARED_SELECTOR = YES;
				GCC_WARN_UNINITIALIZED_AUTOS = YES;
				GCC_WARN_UNUSED_FUNCTION = YES;
				GCC_WARN_UNUSED_VARIABLE = YES;
				IPHONEOS_DEPLOYMENT_TARGET = 7.0;
				ONLY_ACTIVE_ARCH = YES;
				SDKROOT = iphoneos;
				TARGETED_DEVICE_FAMILY = 2;
			};
			name = Debug;
		};
		2F11D1AE17EA132900B290C6 /* Release */ = {
			isa = XCBuildConfiguration;
			buildSettings = {
				ALWAYS_SEARCH_USER_PATHS = NO;
				ARCHS = "$(ARCHS_STANDARD_INCLUDING_64_BIT)";
				CLANG_CXX_LANGUAGE_STANDARD = "gnu++0x";
				CLANG_CXX_LIBRARY = "libc++";
				CLANG_ENABLE_MODULES = YES;
				CLANG_ENABLE_OBJC_ARC = YES;
				CLANG_WARN_BOOL_CONVERSION = YES;
				CLANG_WARN_CONSTANT_CONVERSION = YES;
				CLANG_WARN_DIRECT_OBJC_ISA_USAGE = YES_ERROR;
				CLANG_WARN_EMPTY_BODY = YES;
				CLANG_WARN_ENUM_CONVERSION = YES;
				CLANG_WARN_INT_CONVERSION = YES;
				CLANG_WARN_OBJC_ROOT_CLASS = YES_ERROR;
				CLANG_WARN__DUPLICATE_METHOD_MATCH = YES;
				"CODE_SIGN_IDENTITY[sdk=iphoneos*]" = "iPhone Developer";
				COPY_PHASE_STRIP = YES;
				ENABLE_NS_ASSERTIONS = NO;
				GCC_C_LANGUAGE_STANDARD = gnu99;
				GCC_WARN_64_TO_32_BIT_CONVERSION = YES;
				GCC_WARN_ABOUT_RETURN_TYPE = YES_ERROR;
				GCC_WARN_UNDECLARED_SELECTOR = YES;
				GCC_WARN_UNINITIALIZED_AUTOS = YES;
				GCC_WARN_UNUSED_FUNCTION = YES;
				GCC_WARN_UNUSED_VARIABLE = YES;
				IPHONEOS_DEPLOYMENT_TARGET = 7.0;
				SDKROOT = iphoneos;
				TARGETED_DEVICE_FAMILY = 2;
				VALIDATE_PRODUCT = YES;
			};
			name = Release;
		};
		2F11D1B017EA132900B290C6 /* Debug */ = {
			isa = XCBuildConfiguration;
			baseConfigurationReference = 4A5A18C8E1F74692ABED9401 /* Pods.xcconfig */;
			buildSettings = {
				ASSETCATALOG_COMPILER_APPICON_NAME = AppIcon;
				ASSETCATALOG_COMPILER_LAUNCHIMAGE_NAME = LaunchImage;
				GCC_PRECOMPILE_PREFIX_HEADER = YES;
				GCC_PREFIX_HEADER = "ClicCreate/ClicCreate-Prefix.pch";
				INFOPLIST_FILE = "ClicCreate/ClicCreate-Info.plist";
				PRODUCT_NAME = "$(TARGET_NAME)";
				WRAPPER_EXTENSION = app;
			};
			name = Debug;
		};
		2F11D1B117EA132900B290C6 /* Release */ = {
			isa = XCBuildConfiguration;
			baseConfigurationReference = 4A5A18C8E1F74692ABED9401 /* Pods.xcconfig */;
			buildSettings = {
				ASSETCATALOG_COMPILER_APPICON_NAME = AppIcon;
				ASSETCATALOG_COMPILER_LAUNCHIMAGE_NAME = LaunchImage;
				GCC_PRECOMPILE_PREFIX_HEADER = YES;
				GCC_PREFIX_HEADER = "ClicCreate/ClicCreate-Prefix.pch";
				INFOPLIST_FILE = "ClicCreate/ClicCreate-Info.plist";
				PRODUCT_NAME = "$(TARGET_NAME)";
				WRAPPER_EXTENSION = app;
			};
			name = Release;
		};
		2F11D1B317EA132900B290C6 /* Debug */ = {
			isa = XCBuildConfiguration;
			buildSettings = {
				ARCHS = "$(ARCHS_STANDARD_INCLUDING_64_BIT)";
				BUNDLE_LOADER = "$(BUILT_PRODUCTS_DIR)/ClicCreate.app/ClicCreate";
				FRAMEWORK_SEARCH_PATHS = (
					"$(SDKROOT)/Developer/Library/Frameworks",
					"$(inherited)",
					"$(DEVELOPER_FRAMEWORKS_DIR)",
				);
				GCC_PRECOMPILE_PREFIX_HEADER = YES;
				GCC_PREFIX_HEADER = "ClicCreate/ClicCreate-Prefix.pch";
				GCC_PREPROCESSOR_DEFINITIONS = (
					"DEBUG=1",
					"$(inherited)",
				);
				INFOPLIST_FILE = "ClicCreateTests/ClicCreateTests-Info.plist";
				PRODUCT_NAME = "$(TARGET_NAME)";
				TEST_HOST = "$(BUNDLE_LOADER)";
				WRAPPER_EXTENSION = xctest;
			};
			name = Debug;
		};
		2F11D1B417EA132900B290C6 /* Release */ = {
			isa = XCBuildConfiguration;
			buildSettings = {
				ARCHS = "$(ARCHS_STANDARD_INCLUDING_64_BIT)";
				BUNDLE_LOADER = "$(BUILT_PRODUCTS_DIR)/ClicCreate.app/ClicCreate";
				FRAMEWORK_SEARCH_PATHS = (
					"$(SDKROOT)/Developer/Library/Frameworks",
					"$(inherited)",
					"$(DEVELOPER_FRAMEWORKS_DIR)",
				);
				GCC_PRECOMPILE_PREFIX_HEADER = YES;
				GCC_PREFIX_HEADER = "ClicCreate/ClicCreate-Prefix.pch";
				INFOPLIST_FILE = "ClicCreateTests/ClicCreateTests-Info.plist";
				PRODUCT_NAME = "$(TARGET_NAME)";
				TEST_HOST = "$(BUNDLE_LOADER)";
				WRAPPER_EXTENSION = xctest;
			};
			name = Release;
		};
/* End XCBuildConfiguration section */

/* Begin XCConfigurationList section */
		2F11D17817EA132900B290C6 /* Build configuration list for PBXProject "ClicCreate" */ = {
			isa = XCConfigurationList;
			buildConfigurations = (
				2F11D1AD17EA132900B290C6 /* Debug */,
				2F11D1AE17EA132900B290C6 /* Release */,
			);
			defaultConfigurationIsVisible = 0;
			defaultConfigurationName = Release;
		};
		2F11D1AF17EA132900B290C6 /* Build configuration list for PBXNativeTarget "ClicCreate" */ = {
			isa = XCConfigurationList;
			buildConfigurations = (
				2F11D1B017EA132900B290C6 /* Debug */,
				2F11D1B117EA132900B290C6 /* Release */,
			);
			defaultConfigurationIsVisible = 0;
			defaultConfigurationName = Release;
		};
		2F11D1B217EA132900B290C6 /* Build configuration list for PBXNativeTarget "ClicCreateTests" */ = {
			isa = XCConfigurationList;
			buildConfigurations = (
				2F11D1B317EA132900B290C6 /* Debug */,
				2F11D1B417EA132900B290C6 /* Release */,
			);
			defaultConfigurationIsVisible = 0;
			defaultConfigurationName = Release;
		};
/* End XCConfigurationList section */

/* Begin XCVersionGroup section */
		2F11D19417EA132900B290C6 /* ClicCreate.xcdatamodeld */ = {
			isa = XCVersionGroup;
			children = (
				2F11D19517EA132900B290C6 /* ClicCreate.xcdatamodel */,
			);
			currentVersion = 2F11D19517EA132900B290C6 /* ClicCreate.xcdatamodel */;
			path = ClicCreate.xcdatamodeld;
			sourceTree = "<group>";
			versionGroupType = wrapper.xcdatamodel;
		};
/* End XCVersionGroup section */
	};
	rootObject = 2F11D17517EA132900B290C6 /* Project object */;
}
